{
  "version": 4,
  "terraform_version": "1.9.5",
  "serial": 8,
  "lineage": "fe46c7a3-3c6e-163f-7670-56e1eeb7bd50",
  "outputs": {
    "ec2_instance_public_ip": {
      "value": "3.94.9.68",
      "type": "string"
    },
    "instance_ip": {
      "value": "3.94.9.68",
      "type": "string"
    }
  },
  "resources": [
    {
      "mode": "managed",
      "type": "aws_instance",
      "name": "web",
      "provider": "provider[\"registry.terraform.io/hashicorp/aws\"]",
      "instances": [
        {
          "schema_version": 1,
          "attributes": {
            "ami": "ami-02d69c34f7a0bf36a",
            "arn": "arn:aws:ec2:us-east-1:225989329113:instance/i-0c4f21db28ac9441d",
            "associate_public_ip_address": true,
            "availability_zone": "us-east-1d",
            "capacity_reservation_specification": [
              {
                "capacity_reservation_preference": "open",
                "capacity_reservation_target": []
              }
            ],
            "cpu_core_count": 1,
            "cpu_options": [
              {
                "amd_sev_snp": "",
                "core_count": 1,
                "threads_per_core": 1
              }
            ],
            "cpu_threads_per_core": 1,
            "credit_specification": [
              {
                "cpu_credits": "standard"
              }
            ],
            "disable_api_stop": false,
            "disable_api_termination": false,
            "ebs_block_device": [],
            "ebs_optimized": false,
            "enclave_options": [
              {
                "enabled": false
              }
            ],
            "ephemeral_block_device": [],
            "get_password_data": false,
            "hibernation": false,
            "host_id": "",
            "host_resource_group_arn": null,
            "iam_instance_profile": "",
            "id": "i-0c4f21db28ac9441d",
            "instance_initiated_shutdown_behavior": "stop",
            "instance_lifecycle": "",
            "instance_market_options": [],
            "instance_state": "running",
            "instance_type": "t2.micro",
            "ipv6_address_count": 0,
            "ipv6_addresses": [],
            "key_name": "my_key",
            "launch_template": [],
            "maintenance_options": [
              {
                "auto_recovery": "default"
              }
            ],
            "metadata_options": [
              {
                "http_endpoint": "enabled",
                "http_protocol_ipv6": "disabled",
                "http_put_response_hop_limit": 1,
                "http_tokens": "optional",
                "instance_metadata_tags": "disabled"
              }
            ],
            "monitoring": false,
            "network_interface": [],
            "outpost_arn": "",
            "password_data": "",
            "placement_group": "",
            "placement_partition_number": 0,
            "primary_network_interface_id": "eni-0bacaa1e5e74593a7",
            "private_dns": "ip-172-31-85-98.ec2.internal",
            "private_dns_name_options": [
              {
                "enable_resource_name_dns_a_record": false,
                "enable_resource_name_dns_aaaa_record": false,
                "hostname_type": "ip-name"
              }
            ],
            "private_ip": "172.31.85.98",
            "public_dns": "ec2-3-94-9-68.compute-1.amazonaws.com",
            "public_ip": "3.94.9.68",
            "root_block_device": [
              {
                "delete_on_termination": true,
                "device_name": "/dev/xvda",
                "encrypted": false,
                "iops": 100,
                "kms_key_id": "",
                "tags": {},
                "tags_all": {},
                "throughput": 0,
                "volume_id": "vol-03b9c1d2dfaa950f1",
                "volume_size": 8,
                "volume_type": "gp2"
              }
            ],
            "secondary_private_ips": [],
            "security_groups": [
              "ec2_security_group"
            ],
            "source_dest_check": true,
            "spot_instance_request_id": "",
            "subnet_id": "subnet-09befedfb59ab625f",
            "tags": {
              "Name": "Terraform-EC2"
            },
            "tags_all": {
              "Name": "Terraform-EC2"
            },
            "tenancy": "default",
            "timeouts": null,
            "user_data": "ceabe9bfd05b5554684ec613724c503b87c349fa",
            "user_data_base64": null,
            "user_data_replace_on_change": false,
            "volume_tags": null,
            "vpc_security_group_ids": [
              "sg-03964d789ac801205"
            ]
          },
          "sensitive_attributes": [],
          "private": "eyJlMmJmYjczMC1lY2FhLTExZTYtOGY4OC0zNDM2M2JjN2M0YzAiOnsiY3JlYXRlIjo2MDAwMDAwMDAwMDAsImRlbGV0ZSI6MTIwMDAwMDAwMDAwMCwicmVhZCI6OTAwMDAwMDAwMDAwLCJ1cGRhdGUiOjYwMDAwMDAwMDAwMH0sInNjaGVtYV92ZXJzaW9uIjoiMSJ9",
          "dependencies": [
            "aws_key_pair.my_key",
            "aws_security_group.ec2_security_group"
          ]
        }
      ]
    },
    {
      "mode": "managed",
      "type": "aws_key_pair",
      "name": "my_key",
      "provider": "provider[\"registry.terraform.io/hashicorp/aws\"]",
      "instances": [
        {
          "schema_version": 1,
          "attributes": {
            "arn": "arn:aws:ec2:us-east-1:225989329113:key-pair/my_key",
            "fingerprint": "20:f9:a5:e3:d7:00:80:2d:e5:ca:37:59:a5:98:44:a8",
            "id": "my_key",
            "key_name": "my_key",
            "key_name_prefix": "",
            "key_pair_id": "key-0f507260460dbc5c2",
            "key_type": "rsa",
            "public_key": "ssh-rsa AAAAB3NzaC1yc2EAAAADAQABAAACAQCsR3gkQhZdB+KQk0yP/p4jXbDvyOFhP6yI00SbQuENYaEtDtH1OQG5h7y0+8UNl+QG0WXM3hxIWWEf/B0wKG5MIHQwmVONS0mF8mh6xifR7uC8PQJ9W8yKa/PjYwmt/hvT3GG/v8jnJnCCURMw3orFxE5n+4UzEYdfaE8iXTJfRNNZ5qR/Cg0RfLzAPkMtGyoT9myKp5Xegn7MXMVGuVfJQRAmP6H6FvdJLacOHvJN4BylhwWLTsSNvAj85DI0iv20gnLIE24aQ3eDYzdi/GWRD7GGre9eeJDZOm4Qja1HfaN8CpI5CmkADE9bmJ3+8GN1T6Lj6a3EmjGYyU9kpOVfdlN8emeW6Nm7mPBonMt8P7eiif1R1uxzkYv3roKd68ovlWNArphJkpVwHtOo8gj0MQW3vg22VFmf2i3vN+EGHqjZGeZ0L4L9KYDwGVCf9/+Kp+LXuO3LJCCbvmSp6yvDyJ/tbeG5gZ4+ANzvFsU75CcjR7iBB816SQAQ4nhH7Kmc9s2fsFP1o0ywJ8vfhUrqpdosOTbtEQNyvmaoUG902i8SktrgEnKsF4epTRLNzDfrnrhFAPloK3F897qC+4fo5Ui+hc1BXFdqLlJKamRWURGbyUJbtk1mVUid09eqoWs1t9MK8cF+LdPGgW3PXvwAsS4nRp8T2i/WgVe/qKlwQQ== prontenkonazarij@gmai.com",
            "tags": {},
            "tags_all": {}
          },
          "sensitive_attributes": [],
          "private": "eyJzY2hlbWFfdmVyc2lvbiI6IjEifQ=="
        }
      ]
    },
    {
      "mode": "managed",
      "type": "aws_security_group",
      "name": "ec2_security_group",
      "provider": "provider[\"registry.terraform.io/hashicorp/aws\"]",
      "instances": [
        {
          "schema_version": 1,
          "attributes": {
            "arn": "arn:aws:ec2:us-east-1:225989329113:security-group/sg-03964d789ac801205",
            "description": "Managed by Terraform",
            "egress": [
              {
                "cidr_blocks": [
                  "0.0.0.0/0"
                ],
                "description": "",
                "from_port": 0,
                "ipv6_cidr_blocks": [],
                "prefix_list_ids": [],
                "protocol": "-1",
                "security_groups": [],
                "self": false,
                "to_port": 0
              }
            ],
            "id": "sg-03964d789ac801205",
            "ingress": [
              {
                "cidr_blocks": [
                  "0.0.0.0/0"
                ],
                "description": "",
                "from_port": 443,
                "ipv6_cidr_blocks": [],
                "prefix_list_ids": [],
                "protocol": "tcp",
                "security_groups": [],
                "self": false,
                "to_port": 443
              },
              {
                "cidr_blocks": [
                  "0.0.0.0/0"
                ],
                "description": "",
                "from_port": 80,
                "ipv6_cidr_blocks": [],
                "prefix_list_ids": [],
                "protocol": "tcp",
                "security_groups": [],
                "self": false,
                "to_port": 80
              },
              {
                "cidr_blocks": [
                  "77.47.132.218/32"
                ],
                "description": "",
                "from_port": 22,
                "ipv6_cidr_blocks": [],
                "prefix_list_ids": [],
                "protocol": "tcp",
                "security_groups": [],
                "self": false,
                "to_port": 22
              }
            ],
            "name": "ec2_security_group",
            "name_prefix": "",
            "owner_id": "225989329113",
            "revoke_rules_on_delete": false,
            "tags": {},
            "tags_all": {},
            "timeouts": null,
            "vpc_id": "vpc-0943520858170665f"
          },
          "sensitive_attributes": [],
          "private": "eyJlMmJmYjczMC1lY2FhLTExZTYtOGY4OC0zNDM2M2JjN2M0YzAiOnsiY3JlYXRlIjo2MDAwMDAwMDAwMDAsImRlbGV0ZSI6OTAwMDAwMDAwMDAwfSwic2NoZW1hX3ZlcnNpb24iOiIxIn0="
        }
      ]
    }
  ],
  "check_results": null
}
